
Microsoft Visual Studio Solution File, Format Version 12.00
# Visual Studio 15
VisualStudioVersion = 15.0.27703.2042
MinimumVisualStudioVersion = 10.0.40219.1
Project("{9A19103F-16F7-4668-BE54-9A1E7A4F7556}") = "serverApp", "serverApp\serverApp.csproj", "{35B9DEDE-9C7E-4B46-8EFB-750F614EEE24}"
EndProject
Project("{9A19103F-16F7-4668-BE54-9A1E7A4F7556}") = "data", "data\data.csproj", "{8987BF46-17F7-4ABD-903D-8DC9B321631A}"
EndProject
Global
	GlobalSection(SolutionConfigurationPlatforms) = preSolution
		Debug|Any CPU = Debug|Any CPU
		Release|Any CPU = Release|Any CPU
	EndGlobalSection
	GlobalSection(ProjectConfigurationPlatforms) = postSolution
		{35B9DEDE-9C7E-4B46-8EFB-750F614EEE24}.Debug|Any CPU.ActiveCfg = Debug|Any CPU
		{35B9DEDE-9C7E-4B46-8EFB-750F614EEE24}.Debug|Any CPU.Build.0 = Debug|Any CPU
		{35B9DEDE-9C7E-4B46-8EFB-750F614EEE24}.Release|Any CPU.ActiveCfg = Release|Any CPU
		{35B9DEDE-9C7E-4B46-8EFB-750F614EEE24}.Release|Any CPU.Build.0 = Release|Any CPU
		{8987BF46-17F7-4ABD-903D-8DC9B321631A}.Debug|Any CPU.ActiveCfg = Debug|Any CPU
		{8987BF46-17F7-4ABD-903D-8DC9B321631A}.Debug|Any CPU.Build.0 = Debug|Any CPU
		{8987BF46-17F7-4ABD-903D-8DC9B321631A}.Release|Any CPU.ActiveCfg = Release|Any CPU
		{8987BF46-17F7-4ABD-903D-8DC9B321631A}.Release|Any CPU.Build.0 = Release|Any CPU
	EndGlobalSection
	GlobalSection(SolutionProperties) = preSolution
		HideSolutionNode = FALSE
	EndGlobalSection
	GlobalSection(ExtensibilityGlobals) = postSolution
		SolutionGuid = {DBDD0062-919B-49AA-A16E-26CE0CBD1D6A}
	EndGlobalSection
EndGlobal
